
Microsoft Visual Studio Solution File, Format Version 12.00
# Visual Studio Version 17
VisualStudioVersion = 17.13.35818.85
MinimumVisualStudioVersion = 10.0.40219.1
Project("{8BC9CEB8-8B4A-11D0-8D11-00A0C91BC942}") = "Rotating Cube CPP", "Rotating Cube CPP\Rotating Cube CPP.vcxproj", "{68C467C4-50D0-4740-9C1D-89D1AFE8CF3E}"
EndProject
Project("{FAE04EC0-301F-11D3-BF4B-00C04F79EFBC}") = "MainWindow", "MainWindow\MainWindow.csproj", "{783073BD-04FF-473F-9F5E-968AD98A996B}"
EndProject
Project("{2150E333-8FDC-42A3-9474-1A3956D46DE8}") = "CPP", "CPP", "{36D591C7-65C7-A0D1-1CBC-10CDE441BDC8}"
EndProject
Project("{2150E333-8FDC-42A3-9474-1A3956D46DE8}") = "CS", "CS", "{775BE172-9ACE-4C19-AA42-EA0A93C22106}"
EndProject
Project("{2150E333-8FDC-42A3-9474-1A3956D46DE8}") = "Logic", "Logic", "{5FEE3D68-7838-4206-A22D-EEFA99A0942D}"
EndProject
Project("{FAE04EC0-301F-11D3-BF4B-00C04F79EFBC}") = "Rotating Shape", "Rotating Shape\Rotating Shape.csproj", "{8138FF72-EC28-42C0-81CB-EE57046698EC}"
EndProject
Project("{FAE04EC0-301F-11D3-BF4B-00C04F79EFBC}") = "Shapes Geometry", "Shapes Geometry\Shapes Geometry.csproj", "{C916748F-1546-4EE3-9D3C-D8B4A6F707F5}"
EndProject
Global
	GlobalSection(SolutionConfigurationPlatforms) = preSolution
		Debug|Any CPU = Debug|Any CPU
		Debug|x64 = Debug|x64
		Debug|x86 = Debug|x86
		Release|Any CPU = Release|Any CPU
		Release|x64 = Release|x64
		Release|x86 = Release|x86
	EndGlobalSection
	GlobalSection(ProjectConfigurationPlatforms) = postSolution
		{68C467C4-50D0-4740-9C1D-89D1AFE8CF3E}.Debug|Any CPU.ActiveCfg = Debug|x64
		{68C467C4-50D0-4740-9C1D-89D1AFE8CF3E}.Debug|Any CPU.Build.0 = Debug|x64
		{68C467C4-50D0-4740-9C1D-89D1AFE8CF3E}.Debug|x64.ActiveCfg = Debug|x64
		{68C467C4-50D0-4740-9C1D-89D1AFE8CF3E}.Debug|x64.Build.0 = Debug|x64
		{68C467C4-50D0-4740-9C1D-89D1AFE8CF3E}.Debug|x86.ActiveCfg = Debug|Win32
		{68C467C4-50D0-4740-9C1D-89D1AFE8CF3E}.Debug|x86.Build.0 = Debug|Win32
		{68C467C4-50D0-4740-9C1D-89D1AFE8CF3E}.Release|Any CPU.ActiveCfg = Release|x64
		{68C467C4-50D0-4740-9C1D-89D1AFE8CF3E}.Release|Any CPU.Build.0 = Release|x64
		{68C467C4-50D0-4740-9C1D-89D1AFE8CF3E}.Release|x64.ActiveCfg = Release|x64
		{68C467C4-50D0-4740-9C1D-89D1AFE8CF3E}.Release|x64.Build.0 = Release|x64
		{68C467C4-50D0-4740-9C1D-89D1AFE8CF3E}.Release|x86.ActiveCfg = Release|Win32
		{68C467C4-50D0-4740-9C1D-89D1AFE8CF3E}.Release|x86.Build.0 = Release|Win32
		{783073BD-04FF-473F-9F5E-968AD98A996B}.Debug|Any CPU.ActiveCfg = Debug|Any CPU
		{783073BD-04FF-473F-9F5E-968AD98A996B}.Debug|Any CPU.Build.0 = Debug|Any CPU
		{783073BD-04FF-473F-9F5E-968AD98A996B}.Debug|x64.ActiveCfg = Debug|Any CPU
		{783073BD-04FF-473F-9F5E-968AD98A996B}.Debug|x64.Build.0 = Debug|Any CPU
		{783073BD-04FF-473F-9F5E-968AD98A996B}.Debug|x86.ActiveCfg = Debug|Any CPU
		{783073BD-04FF-473F-9F5E-968AD98A996B}.Debug|x86.Build.0 = Debug|Any CPU
		{783073BD-04FF-473F-9F5E-968AD98A996B}.Release|Any CPU.ActiveCfg = Release|Any CPU
		{783073BD-04FF-473F-9F5E-968AD98A996B}.Release|Any CPU.Build.0 = Release|Any CPU
		{783073BD-04FF-473F-9F5E-968AD98A996B}.Release|x64.ActiveCfg = Release|Any CPU
		{783073BD-04FF-473F-9F5E-968AD98A996B}.Release|x64.Build.0 = Release|Any CPU
		{783073BD-04FF-473F-9F5E-968AD98A996B}.Release|x86.ActiveCfg = Release|Any CPU
		{783073BD-04FF-473F-9F5E-968AD98A996B}.Release|x86.Build.0 = Release|Any CPU
		{8138FF72-EC28-42C0-81CB-EE57046698EC}.Debug|Any CPU.ActiveCfg = Debug|Any CPU
		{8138FF72-EC28-42C0-81CB-EE57046698EC}.Debug|Any CPU.Build.0 = Debug|Any CPU
		{8138FF72-EC28-42C0-81CB-EE57046698EC}.Debug|x64.ActiveCfg = Debug|Any CPU
		{8138FF72-EC28-42C0-81CB-EE57046698EC}.Debug|x64.Build.0 = Debug|Any CPU
		{8138FF72-EC28-42C0-81CB-EE57046698EC}.Debug|x86.ActiveCfg = Debug|Any CPU
		{8138FF72-EC28-42C0-81CB-EE57046698EC}.Debug|x86.Build.0 = Debug|Any CPU
		{8138FF72-EC28-42C0-81CB-EE57046698EC}.Release|Any CPU.ActiveCfg = Release|Any CPU
		{8138FF72-EC28-42C0-81CB-EE57046698EC}.Release|Any CPU.Build.0 = Release|Any CPU
		{8138FF72-EC28-42C0-81CB-EE57046698EC}.Release|x64.ActiveCfg = Release|Any CPU
		{8138FF72-EC28-42C0-81CB-EE57046698EC}.Release|x64.Build.0 = Release|Any CPU
		{8138FF72-EC28-42C0-81CB-EE57046698EC}.Release|x86.ActiveCfg = Release|Any CPU
		{8138FF72-EC28-42C0-81CB-EE57046698EC}.Release|x86.Build.0 = Release|Any CPU
		{C916748F-1546-4EE3-9D3C-D8B4A6F707F5}.Debug|Any CPU.ActiveCfg = Debug|Any CPU
		{C916748F-1546-4EE3-9D3C-D8B4A6F707F5}.Debug|Any CPU.Build.0 = Debug|Any CPU
		{C916748F-1546-4EE3-9D3C-D8B4A6F707F5}.Debug|x64.ActiveCfg = Debug|Any CPU
		{C916748F-1546-4EE3-9D3C-D8B4A6F707F5}.Debug|x64.Build.0 = Debug|Any CPU
		{C916748F-1546-4EE3-9D3C-D8B4A6F707F5}.Debug|x86.ActiveCfg = Debug|Any CPU
		{C916748F-1546-4EE3-9D3C-D8B4A6F707F5}.Debug|x86.Build.0 = Debug|Any CPU
		{C916748F-1546-4EE3-9D3C-D8B4A6F707F5}.Release|Any CPU.ActiveCfg = Release|Any CPU
		{C916748F-1546-4EE3-9D3C-D8B4A6F707F5}.Release|Any CPU.Build.0 = Release|Any CPU
		{C916748F-1546-4EE3-9D3C-D8B4A6F707F5}.Release|x64.ActiveCfg = Release|Any CPU
		{C916748F-1546-4EE3-9D3C-D8B4A6F707F5}.Release|x64.Build.0 = Release|Any CPU
		{C916748F-1546-4EE3-9D3C-D8B4A6F707F5}.Release|x86.ActiveCfg = Release|Any CPU
		{C916748F-1546-4EE3-9D3C-D8B4A6F707F5}.Release|x86.Build.0 = Release|Any CPU
	EndGlobalSection
	GlobalSection(SolutionProperties) = preSolution
		HideSolutionNode = FALSE
	EndGlobalSection
	GlobalSection(NestedProjects) = preSolution
		{68C467C4-50D0-4740-9C1D-89D1AFE8CF3E} = {36D591C7-65C7-A0D1-1CBC-10CDE441BDC8}
		{783073BD-04FF-473F-9F5E-968AD98A996B} = {775BE172-9ACE-4C19-AA42-EA0A93C22106}
		{5FEE3D68-7838-4206-A22D-EEFA99A0942D} = {775BE172-9ACE-4C19-AA42-EA0A93C22106}
		{8138FF72-EC28-42C0-81CB-EE57046698EC} = {5FEE3D68-7838-4206-A22D-EEFA99A0942D}
		{C916748F-1546-4EE3-9D3C-D8B4A6F707F5} = {5FEE3D68-7838-4206-A22D-EEFA99A0942D}
	EndGlobalSection
	GlobalSection(ExtensibilityGlobals) = postSolution
		SolutionGuid = {61E73C91-9A7B-4FF7-B305-36A95F88C998}
	EndGlobalSection
EndGlobal
